
Microsoft Visual Studio Solution File, Format Version 12.00
# Visual Studio Version 16
VisualStudioVersion = 16.0.31702.278
MinimumVisualStudioVersion = 10.0.40219.1
Project("{9A19103F-16F7-4668-BE54-9A1E7A4F7556}") = "Veriables", "Veriables\Veriables.csproj", "{634A0DC7-7C79-44D0-81C4-5B823D4B81AF}"
EndProject
Project("{9A19103F-16F7-4668-BE54-9A1E7A4F7556}") = "Methods", "Methods\Methods.csproj", "{5C9CF8D6-4038-43EF-A0F3-75B1DD50667F}"
EndProject
Project("{9A19103F-16F7-4668-BE54-9A1E7A4F7556}") = "Matematik", "Matematik\Matematik.csproj", "{42242953-36CF-4847-A23F-A59CA838F38B}"
EndProject
Project("{9A19103F-16F7-4668-BE54-9A1E7A4F7556}") = "DegerVeReferansTipler", "DegerVeReferansTipler\DegerVeReferansTipler.csproj", "{619B02AF-F2A1-44FE-B55B-70789984AAD0}"
EndProject
Project("{9A19103F-16F7-4668-BE54-9A1E7A4F7556}") = "ClassMetotDemo", "ClassMetotDemo\ClassMetotDemo.csproj", "{E32F8AA2-F80C-46BF-90C3-A774D1D128E1}"
EndProject
Project("{9A19103F-16F7-4668-BE54-9A1E7A4F7556}") = "OOP1", "OOP1\OOP1.csproj", "{26A8EA54-1D2D-4EFE-A0CE-97F59A7B6BFF}"
EndProject
Project("{9A19103F-16F7-4668-BE54-9A1E7A4F7556}") = "Collections", "Collections\Collections.csproj", "{F1CC19F5-B08E-4A07-9E0A-1559D896213C}"
EndProject
Project("{9A19103F-16F7-4668-BE54-9A1E7A4F7556}") = "GenericsIntro", "GenericsIntro\GenericsIntro.csproj", "{B538049D-F6E6-43E0-98A9-8766A624CDCD}"
EndProject
Project("{9A19103F-16F7-4668-BE54-9A1E7A4F7556}") = "GenericIntro2", "GenericIntro2\GenericIntro2.csproj", "{ACA4A546-76C1-4984-AB81-636AE31ACAE3}"
EndProject
Project("{9A19103F-16F7-4668-BE54-9A1E7A4F7556}") = "Dictonary", "Dictonary\Dictonary.csproj", "{53306ECF-C623-4BD4-8CC1-5BD81EDAE687}"
EndProject
Project("{9A19103F-16F7-4668-BE54-9A1E7A4F7556}") = "OPP2", "OPP2\OPP2.csproj", "{50BD25B3-933C-4F9E-86C8-B68C390D968A}"
EndProject
Project("{9A19103F-16F7-4668-BE54-9A1E7A4F7556}") = "OOP3", "OOP3\OOP3.csproj", "{DFE5C6DE-200F-46F1-B244-6D0B183FFD26}"
EndProject
Project("{FAE04EC0-301F-11D3-BF4B-00C04F79EFBC}") = "Example", "Example\Example.csproj", "{3B69A3E6-C2C0-4266-9A6D-16283E2945C0}"
EndProject
Project("{FAE04EC0-301F-11D3-BF4B-00C04F79EFBC}") = "DamaTahtasi", "DamaTahtasi\DamaTahtasi.csproj", "{0AAA96A4-97E3-4C13-B1CE-F643969F5447}"
EndProject
Global
	GlobalSection(SolutionConfigurationPlatforms) = preSolution
		Debug|Any CPU = Debug|Any CPU
		Release|Any CPU = Release|Any CPU
	EndGlobalSection
	GlobalSection(ProjectConfigurationPlatforms) = postSolution
		{634A0DC7-7C79-44D0-81C4-5B823D4B81AF}.Debug|Any CPU.ActiveCfg = Debug|Any CPU
		{634A0DC7-7C79-44D0-81C4-5B823D4B81AF}.Debug|Any CPU.Build.0 = Debug|Any CPU
		{634A0DC7-7C79-44D0-81C4-5B823D4B81AF}.Release|Any CPU.ActiveCfg = Release|Any CPU
		{634A0DC7-7C79-44D0-81C4-5B823D4B81AF}.Release|Any CPU.Build.0 = Release|Any CPU
		{5C9CF8D6-4038-43EF-A0F3-75B1DD50667F}.Debug|Any CPU.ActiveCfg = Debug|Any CPU
		{5C9CF8D6-4038-43EF-A0F3-75B1DD50667F}.Debug|Any CPU.Build.0 = Debug|Any CPU
		{5C9CF8D6-4038-43EF-A0F3-75B1DD50667F}.Release|Any CPU.ActiveCfg = Release|Any CPU
		{5C9CF8D6-4038-43EF-A0F3-75B1DD50667F}.Release|Any CPU.Build.0 = Release|Any CPU
		{42242953-36CF-4847-A23F-A59CA838F38B}.Debug|Any CPU.ActiveCfg = Debug|Any CPU
		{42242953-36CF-4847-A23F-A59CA838F38B}.Debug|Any CPU.Build.0 = Debug|Any CPU
		{42242953-36CF-4847-A23F-A59CA838F38B}.Release|Any CPU.ActiveCfg = Release|Any CPU
		{42242953-36CF-4847-A23F-A59CA838F38B}.Release|Any CPU.Build.0 = Release|Any CPU
		{619B02AF-F2A1-44FE-B55B-70789984AAD0}.Debug|Any CPU.ActiveCfg = Debug|Any CPU
		{619B02AF-F2A1-44FE-B55B-70789984AAD0}.Debug|Any CPU.Build.0 = Debug|Any CPU
		{619B02AF-F2A1-44FE-B55B-70789984AAD0}.Release|Any CPU.ActiveCfg = Release|Any CPU
		{619B02AF-F2A1-44FE-B55B-70789984AAD0}.Release|Any CPU.Build.0 = Release|Any CPU
		{E32F8AA2-F80C-46BF-90C3-A774D1D128E1}.Debug|Any CPU.ActiveCfg = Debug|Any CPU
		{E32F8AA2-F80C-46BF-90C3-A774D1D128E1}.Debug|Any CPU.Build.0 = Debug|Any CPU
		{E32F8AA2-F80C-46BF-90C3-A774D1D128E1}.Release|Any CPU.ActiveCfg = Release|Any CPU
		{E32F8AA2-F80C-46BF-90C3-A774D1D128E1}.Release|Any CPU.Build.0 = Release|Any CPU
		{26A8EA54-1D2D-4EFE-A0CE-97F59A7B6BFF}.Debug|Any CPU.ActiveCfg = Debug|Any CPU
		{26A8EA54-1D2D-4EFE-A0CE-97F59A7B6BFF}.Debug|Any CPU.Build.0 = Debug|Any CPU
		{26A8EA54-1D2D-4EFE-A0CE-97F59A7B6BFF}.Release|Any CPU.ActiveCfg = Release|Any CPU
		{26A8EA54-1D2D-4EFE-A0CE-97F59A7B6BFF}.Release|Any CPU.Build.0 = Release|Any CPU
		{F1CC19F5-B08E-4A07-9E0A-1559D896213C}.Debug|Any CPU.ActiveCfg = Debug|Any CPU
		{F1CC19F5-B08E-4A07-9E0A-1559D896213C}.Debug|Any CPU.Build.0 = Debug|Any CPU
		{F1CC19F5-B08E-4A07-9E0A-1559D896213C}.Release|Any CPU.ActiveCfg = Release|Any CPU
		{F1CC19F5-B08E-4A07-9E0A-1559D896213C}.Release|Any CPU.Build.0 = Release|Any CPU
		{B538049D-F6E6-43E0-98A9-8766A624CDCD}.Debug|Any CPU.ActiveCfg = Debug|Any CPU
		{B538049D-F6E6-43E0-98A9-8766A624CDCD}.Debug|Any CPU.Build.0 = Debug|Any CPU
		{B538049D-F6E6-43E0-98A9-8766A624CDCD}.Release|Any CPU.ActiveCfg = Release|Any CPU
		{B538049D-F6E6-43E0-98A9-8766A624CDCD}.Release|Any CPU.Build.0 = Release|Any CPU
		{ACA4A546-76C1-4984-AB81-636AE31ACAE3}.Debug|Any CPU.ActiveCfg = Debug|Any CPU
		{ACA4A546-76C1-4984-AB81-636AE31ACAE3}.Debug|Any CPU.Build.0 = Debug|Any CPU
		{ACA4A546-76C1-4984-AB81-636AE31ACAE3}.Release|Any CPU.ActiveCfg = Release|Any CPU
		{ACA4A546-76C1-4984-AB81-636AE31ACAE3}.Release|Any CPU.Build.0 = Release|Any CPU
		{53306ECF-C623-4BD4-8CC1-5BD81EDAE687}.Debug|Any CPU.ActiveCfg = Debug|Any CPU
		{53306ECF-C623-4BD4-8CC1-5BD81EDAE687}.Debug|Any CPU.Build.0 = Debug|Any CPU
		{53306ECF-C623-4BD4-8CC1-5BD81EDAE687}.Release|Any CPU.ActiveCfg = Release|Any CPU
		{53306ECF-C623-4BD4-8CC1-5BD81EDAE687}.Release|Any CPU.Build.0 = Release|Any CPU
		{50BD25B3-933C-4F9E-86C8-B68C390D968A}.Debug|Any CPU.ActiveCfg = Debug|Any CPU
		{50BD25B3-933C-4F9E-86C8-B68C390D968A}.Debug|Any CPU.Build.0 = Debug|Any CPU
		{50BD25B3-933C-4F9E-86C8-B68C390D968A}.Release|Any CPU.ActiveCfg = Release|Any CPU
		{50BD25B3-933C-4F9E-86C8-B68C390D968A}.Release|Any CPU.Build.0 = Release|Any CPU
		{DFE5C6DE-200F-46F1-B244-6D0B183FFD26}.Debug|Any CPU.ActiveCfg = Debug|Any CPU
		{DFE5C6DE-200F-46F1-B244-6D0B183FFD26}.Debug|Any CPU.Build.0 = Debug|Any CPU
		{DFE5C6DE-200F-46F1-B244-6D0B183FFD26}.Release|Any CPU.ActiveCfg = Release|Any CPU
		{DFE5C6DE-200F-46F1-B244-6D0B183FFD26}.Release|Any CPU.Build.0 = Release|Any CPU
		{3B69A3E6-C2C0-4266-9A6D-16283E2945C0}.Debug|Any CPU.ActiveCfg = Debug|Any CPU
		{3B69A3E6-C2C0-4266-9A6D-16283E2945C0}.Debug|Any CPU.Build.0 = Debug|Any CPU
		{3B69A3E6-C2C0-4266-9A6D-16283E2945C0}.Release|Any CPU.ActiveCfg = Release|Any CPU
		{3B69A3E6-C2C0-4266-9A6D-16283E2945C0}.Release|Any CPU.Build.0 = Release|Any CPU
		{0AAA96A4-97E3-4C13-B1CE-F643969F5447}.Debug|Any CPU.ActiveCfg = Debug|Any CPU
		{0AAA96A4-97E3-4C13-B1CE-F643969F5447}.Debug|Any CPU.Build.0 = Debug|Any CPU
		{0AAA96A4-97E3-4C13-B1CE-F643969F5447}.Release|Any CPU.ActiveCfg = Release|Any CPU
		{0AAA96A4-97E3-4C13-B1CE-F643969F5447}.Release|Any CPU.Build.0 = Release|Any CPU
	EndGlobalSection
	GlobalSection(SolutionProperties) = preSolution
		HideSolutionNode = FALSE
	EndGlobalSection
	GlobalSection(ExtensibilityGlobals) = postSolution
		SolutionGuid = {A5759C41-7ED5-4E57-933B-F336142CEB39}
	EndGlobalSection
EndGlobal
